// !$*UTF8*$!
{
	archiveVersion = 1;
	classes = {
	};
	objectVersion = 50;
	objects = {

/* Begin PBXBuildFile section */
		4419B8BD20C0CB0700572940 /* ProgressView.swift in Sources */ = {isa = PBXBuildFile; fileRef = 4419B8BC20C0CB0700572940 /* ProgressView.swift */; };
		4419B8C120C2050B00572940 /* DrawView.swift in Sources */ = {isa = PBXBuildFile; fileRef = 4419B8C020C2050B00572940 /* DrawView.swift */; };
		4419B8C320C2055300572940 /* DrawPage.storyboard in Resources */ = {isa = PBXBuildFile; fileRef = 4419B8C220C2055300572940 /* DrawPage.storyboard */; };
		4419B8C620C20B6E00572940 /* Line.swift in Sources */ = {isa = PBXBuildFile; fileRef = 4419B8C520C20B6E00572940 /* Line.swift */; };
		4419B8C820C25A3E00572940 /* DrawPageViewController.swift in Sources */ = {isa = PBXBuildFile; fileRef = 4419B8C720C25A3E00572940 /* DrawPageViewController.swift */; };
		4419B8CA20C2798B00572940 /* PaddleView.swift in Sources */ = {isa = PBXBuildFile; fileRef = 4419B8C920C2798B00572940 /* PaddleView.swift */; };
		4419B8CE20C27A8500572940 /* PingPongGameViewController.swift in Sources */ = {isa = PBXBuildFile; fileRef = 4419B8CD20C27A8500572940 /* PingPongGameViewController.swift */; };
		44205ABC20BE33BC00431637 /* AppDelegate.swift in Sources */ = {isa = PBXBuildFile; fileRef = 44205ABB20BE33BC00431637 /* AppDelegate.swift */; };
		44205ABE20BE33BC00431637 /* SwipeImagesViewController.swift in Sources */ = {isa = PBXBuildFile; fileRef = 44205ABD20BE33BC00431637 /* SwipeImagesViewController.swift */; };
		44205AC120BE33BC00431637 /* SwipeImages.storyboard in Resources */ = {isa = PBXBuildFile; fileRef = 44205ABF20BE33BC00431637 /* SwipeImages.storyboard */; };
		44205AC320BE33BE00431637 /* Assets.xcassets in Resources */ = {isa = PBXBuildFile; fileRef = 44205AC220BE33BE00431637 /* Assets.xcassets */; };
		44205AC620BE33BE00431637 /* LaunchScreen.storyboard in Resources */ = {isa = PBXBuildFile; fileRef = 44205AC420BE33BE00431637 /* LaunchScreen.storyboard */; };
		44205AD120BE33BE00431637 /* SwipeGalleryTests.swift in Sources */ = {isa = PBXBuildFile; fileRef = 44205AD020BE33BE00431637 /* SwipeGalleryTests.swift */; };
		44205ADC20BE33BE00431637 /* SwipeGalleryUITests.swift in Sources */ = {isa = PBXBuildFile; fileRef = 44205ADB20BE33BE00431637 /* SwipeGalleryUITests.swift */; };
		44205AEB20BE75A900431637 /* Log.swift in Sources */ = {isa = PBXBuildFile; fileRef = 44205AEA20BE75A900431637 /* Log.swift */; };
		44205AED20BE790100431637 /* README.md in Resources */ = {isa = PBXBuildFile; fileRef = 44205AEC20BE790100431637 /* README.md */; };
		4457272120C319560056A7B6 /* PingPong.storyboard in Resources */ = {isa = PBXBuildFile; fileRef = 4457272020C319560056A7B6 /* PingPong.storyboard */; };
		44D2895020BE8540003D3BD6 /* Log.framework in Frameworks */ = {isa = PBXBuildFile; fileRef = 44D2894F20BE8540003D3BD6 /* Log.framework */; };
		44FC979320C0AFBB00EA1A89 /* DesignablePlusButton.swift in Sources */ = {isa = PBXBuildFile; fileRef = 44FC979220C0AFBB00EA1A89 /* DesignablePlusButton.swift */; };
/* End PBXBuildFile section */

/* Begin PBXContainerItemProxy section */
		44205ACD20BE33BE00431637 /* PBXContainerItemProxy */ = {
			isa = PBXContainerItemProxy;
			containerPortal = 44205AB020BE33BC00431637 /* Project object */;
			proxyType = 1;
			remoteGlobalIDString = 44205AB720BE33BC00431637;
			remoteInfo = SwipeGallery;
		};
		44205AD820BE33BE00431637 /* PBXContainerItemProxy */ = {
			isa = PBXContainerItemProxy;
			containerPortal = 44205AB020BE33BC00431637 /* Project object */;
			proxyType = 1;
			remoteGlobalIDString = 44205AB720BE33BC00431637;
			remoteInfo = SwipeGallery;
		};
/* End PBXContainerItemProxy section */

/* Begin PBXFileReference section */
		4419B8BC20C0CB0700572940 /* ProgressView.swift */ = {isa = PBXFileReference; lastKnownFileType = sourcecode.swift; path = ProgressView.swift; sourceTree = "<group>"; };
		4419B8C020C2050B00572940 /* DrawView.swift */ = {isa = PBXFileReference; lastKnownFileType = sourcecode.swift; path = DrawView.swift; sourceTree = "<group>"; };
		4419B8C220C2055300572940 /* DrawPage.storyboard */ = {isa = PBXFileReference; lastKnownFileType = file.storyboard; path = DrawPage.storyboard; sourceTree = "<group>"; };
		4419B8C520C20B6E00572940 /* Line.swift */ = {isa = PBXFileReference; lastKnownFileType = sourcecode.swift; path = Line.swift; sourceTree = "<group>"; };
		4419B8C720C25A3E00572940 /* DrawPageViewController.swift */ = {isa = PBXFileReference; lastKnownFileType = sourcecode.swift; path = DrawPageViewController.swift; sourceTree = "<group>"; };
		4419B8C920C2798B00572940 /* PaddleView.swift */ = {isa = PBXFileReference; lastKnownFileType = sourcecode.swift; path = PaddleView.swift; sourceTree = "<group>"; };
		4419B8CD20C27A8500572940 /* PingPongGameViewController.swift */ = {isa = PBXFileReference; lastKnownFileType = sourcecode.swift; path = PingPongGameViewController.swift; sourceTree = "<group>"; };
		44205AB820BE33BC00431637 /* SwipeGallery.app */ = {isa = PBXFileReference; explicitFileType = wrapper.application; includeInIndex = 0; path = SwipeGallery.app; sourceTree = BUILT_PRODUCTS_DIR; };
		44205ABB20BE33BC00431637 /* AppDelegate.swift */ = {isa = PBXFileReference; lastKnownFileType = sourcecode.swift; path = AppDelegate.swift; sourceTree = "<group>"; };
		44205ABD20BE33BC00431637 /* SwipeImagesViewController.swift */ = {isa = PBXFileReference; lastKnownFileType = sourcecode.swift; path = SwipeImagesViewController.swift; sourceTree = "<group>"; };
		44205AC020BE33BC00431637 /* Base */ = {isa = PBXFileReference; lastKnownFileType = file.storyboard; name = Base; path = Base.lproj/SwipeImages.storyboard; sourceTree = "<group>"; };
		44205AC220BE33BE00431637 /* Assets.xcassets */ = {isa = PBXFileReference; lastKnownFileType = folder.assetcatalog; path = Assets.xcassets; sourceTree = "<group>"; };
		44205AC520BE33BE00431637 /* Base */ = {isa = PBXFileReference; lastKnownFileType = file.storyboard; name = Base; path = Base.lproj/LaunchScreen.storyboard; sourceTree = "<group>"; };
		44205AC720BE33BE00431637 /* Info.plist */ = {isa = PBXFileReference; lastKnownFileType = text.plist.xml; path = Info.plist; sourceTree = "<group>"; };
		44205ACC20BE33BE00431637 /* SwipeGalleryTests.xctest */ = {isa = PBXFileReference; explicitFileType = wrapper.cfbundle; includeInIndex = 0; path = SwipeGalleryTests.xctest; sourceTree = BUILT_PRODUCTS_DIR; };
		44205AD020BE33BE00431637 /* SwipeGalleryTests.swift */ = {isa = PBXFileReference; lastKnownFileType = sourcecode.swift; path = SwipeGalleryTests.swift; sourceTree = "<group>"; };
		44205AD220BE33BE00431637 /* Info.plist */ = {isa = PBXFileReference; lastKnownFileType = text.plist.xml; path = Info.plist; sourceTree = "<group>"; };
		44205AD720BE33BE00431637 /* SwipeGalleryUITests.xctest */ = {isa = PBXFileReference; explicitFileType = wrapper.cfbundle; includeInIndex = 0; path = SwipeGalleryUITests.xctest; sourceTree = BUILT_PRODUCTS_DIR; };
		44205ADB20BE33BE00431637 /* SwipeGalleryUITests.swift */ = {isa = PBXFileReference; lastKnownFileType = sourcecode.swift; path = SwipeGalleryUITests.swift; sourceTree = "<group>"; };
		44205ADD20BE33BE00431637 /* Info.plist */ = {isa = PBXFileReference; lastKnownFileType = text.plist.xml; path = Info.plist; sourceTree = "<group>"; };
		44205AEA20BE75A900431637 /* Log.swift */ = {isa = PBXFileReference; lastKnownFileType = sourcecode.swift; path = Log.swift; sourceTree = "<group>"; };
		44205AEC20BE790100431637 /* README.md */ = {isa = PBXFileReference; fileEncoding = 4; lastKnownFileType = net.daringfireball.markdown; path = README.md; sourceTree = "<group>"; };
		4457272020C319560056A7B6 /* PingPong.storyboard */ = {isa = PBXFileReference; lastKnownFileType = file.storyboard; path = PingPong.storyboard; sourceTree = "<group>"; };
		44D2894F20BE8540003D3BD6 /* Log.framework */ = {isa = PBXFileReference; lastKnownFileType = wrapper.framework; name = Log.framework; path = Carthage/Build/iOS/Log.framework; sourceTree = "<group>"; };
		44FC979220C0AFBB00EA1A89 /* DesignablePlusButton.swift */ = {isa = PBXFileReference; lastKnownFileType = sourcecode.swift; path = DesignablePlusButton.swift; sourceTree = "<group>"; };
/* End PBXFileReference section */

/* Begin PBXFrameworksBuildPhase section */
		44205AB520BE33BC00431637 /* Frameworks */ = {
			isa = PBXFrameworksBuildPhase;
			buildActionMask = 2147483647;
			files = (
				44D2895020BE8540003D3BD6 /* Log.framework in Frameworks */,
			);
			runOnlyForDeploymentPostprocessing = 0;
		};
		44205AC920BE33BE00431637 /* Frameworks */ = {
			isa = PBXFrameworksBuildPhase;
			buildActionMask = 2147483647;
			files = (
			);
			runOnlyForDeploymentPostprocessing = 0;
		};
		44205AD420BE33BE00431637 /* Frameworks */ = {
			isa = PBXFrameworksBuildPhase;
			buildActionMask = 2147483647;
			files = (
			);
			runOnlyForDeploymentPostprocessing = 0;
		};
/* End PBXFrameworksBuildPhase section */

/* Begin PBXGroup section */
		4408B2B320BF2F06009174D0 /* Other Files */ = {
			isa = PBXGroup;
			children = (
				44205ABB20BE33BC00431637 /* AppDelegate.swift */,
				44205AC220BE33BE00431637 /* Assets.xcassets */,
				44205AC420BE33BE00431637 /* LaunchScreen.storyboard */,
				44205AC720BE33BE00431637 /* Info.plist */,
			);
			name = "Other Files";
			sourceTree = "<group>";
		};
		4419B8C420C2055A00572940 /* Storyboards */ = {
			isa = PBXGroup;
			children = (
				44205ABF20BE33BC00431637 /* SwipeImages.storyboard */,
				4419B8C220C2055300572940 /* DrawPage.storyboard */,
				4457272020C319560056A7B6 /* PingPong.storyboard */,
			);
			name = Storyboards;
			sourceTree = "<group>";
		};
		44205AAF20BE33BC00431637 = {
			isa = PBXGroup;
			children = (
				44205AEC20BE790100431637 /* README.md */,
				44205ABA20BE33BC00431637 /* SwipeGallery */,
				44205ACF20BE33BE00431637 /* SwipeGalleryTests */,
				44205ADA20BE33BE00431637 /* SwipeGalleryUITests */,
				44205AB920BE33BC00431637 /* Products */,
				44D2894E20BE853F003D3BD6 /* Frameworks */,
			);
			sourceTree = "<group>";
		};
		44205AB920BE33BC00431637 /* Products */ = {
			isa = PBXGroup;
			children = (
				44205AB820BE33BC00431637 /* SwipeGallery.app */,
				44205ACC20BE33BE00431637 /* SwipeGalleryTests.xctest */,
				44205AD720BE33BE00431637 /* SwipeGalleryUITests.xctest */,
			);
			name = Products;
			sourceTree = "<group>";
		};
		44205ABA20BE33BC00431637 /* SwipeGallery */ = {
			isa = PBXGroup;
			children = (
				44D2895320BF2DC9003D3BD6 /* Model */,
				44D2895220BF2DC1003D3BD6 /* VIew */,
				44D2895120BF2DB4003D3BD6 /* Controller */,
				4408B2B320BF2F06009174D0 /* Other Files */,
			);
			path = SwipeGallery;
			sourceTree = "<group>";
		};
		44205ACF20BE33BE00431637 /* SwipeGalleryTests */ = {
			isa = PBXGroup;
			children = (
				44205AD020BE33BE00431637 /* SwipeGalleryTests.swift */,
				44205AD220BE33BE00431637 /* Info.plist */,
			);
			path = SwipeGalleryTests;
			sourceTree = "<group>";
		};
		44205ADA20BE33BE00431637 /* SwipeGalleryUITests */ = {
			isa = PBXGroup;
			children = (
				44205ADB20BE33BE00431637 /* SwipeGalleryUITests.swift */,
				44205ADD20BE33BE00431637 /* Info.plist */,
			);
			path = SwipeGalleryUITests;
			sourceTree = "<group>";
		};
		44D2894E20BE853F003D3BD6 /* Frameworks */ = {
			isa = PBXGroup;
			children = (
				44D2894F20BE8540003D3BD6 /* Log.framework */,
			);
			name = Frameworks;
			sourceTree = "<group>";
		};
		44D2895120BF2DB4003D3BD6 /* Controller */ = {
			isa = PBXGroup;
			children = (
				44205ABD20BE33BC00431637 /* SwipeImagesViewController.swift */,
				4419B8C720C25A3E00572940 /* DrawPageViewController.swift */,
				4419B8CD20C27A8500572940 /* PingPongGameViewController.swift */,
			);
			name = Controller;
			sourceTree = "<group>";
		};
		44D2895220BF2DC1003D3BD6 /* VIew */ = {
			isa = PBXGroup;
			children = (
				4419B8C420C2055A00572940 /* Storyboards */,
				44FC979120C0AF8C00EA1A89 /* CustomizedView */,
			);
			name = VIew;
			sourceTree = "<group>";
		};
		44D2895320BF2DC9003D3BD6 /* Model */ = {
			isa = PBXGroup;
			children = (
				44205AEA20BE75A900431637 /* Log.swift */,
				4419B8C520C20B6E00572940 /* Line.swift */,
			);
			name = Model;
			sourceTree = "<group>";
		};
		44FC979120C0AF8C00EA1A89 /* CustomizedView */ = {
			isa = PBXGroup;
			children = (
				44FC979220C0AFBB00EA1A89 /* DesignablePlusButton.swift */,
				4419B8C020C2050B00572940 /* DrawView.swift */,
				4419B8BC20C0CB0700572940 /* ProgressView.swift */,
				4419B8C920C2798B00572940 /* PaddleView.swift */,
			);
			name = CustomizedView;
			sourceTree = "<group>";
		};
/* End PBXGroup section */

/* Begin PBXNativeTarget section */
		44205AB720BE33BC00431637 /* SwipeGallery */ = {
			isa = PBXNativeTarget;
			buildConfigurationList = 44205AE020BE33BF00431637 /* Build configuration list for PBXNativeTarget "SwipeGallery" */;
			buildPhases = (
				44205AB420BE33BC00431637 /* Sources */,
				44205AB520BE33BC00431637 /* Frameworks */,
				44205AB620BE33BC00431637 /* Resources */,
				44D2894D20BE7E5E003D3BD6 /* Run Script */,
			);
			buildRules = (
			);
			dependencies = (
			);
			name = SwipeGallery;
			productName = SwipeGallery;
			productReference = 44205AB820BE33BC00431637 /* SwipeGallery.app */;
			productType = "com.apple.product-type.application";
		};
		44205ACB20BE33BE00431637 /* SwipeGalleryTests */ = {
			isa = PBXNativeTarget;
			buildConfigurationList = 44205AE320BE33BF00431637 /* Build configuration list for PBXNativeTarget "SwipeGalleryTests" */;
			buildPhases = (
				44205AC820BE33BE00431637 /* Sources */,
				44205AC920BE33BE00431637 /* Frameworks */,
				44205ACA20BE33BE00431637 /* Resources */,
			);
			buildRules = (
			);
			dependencies = (
				44205ACE20BE33BE00431637 /* PBXTargetDependency */,
			);
			name = SwipeGalleryTests;
			productName = SwipeGalleryTests;
			productReference = 44205ACC20BE33BE00431637 /* SwipeGalleryTests.xctest */;
			productType = "com.apple.product-type.bundle.unit-test";
		};
		44205AD620BE33BE00431637 /* SwipeGalleryUITests */ = {
			isa = PBXNativeTarget;
			buildConfigurationList = 44205AE620BE33BF00431637 /* Build configuration list for PBXNativeTarget "SwipeGalleryUITests" */;
			buildPhases = (
				44205AD320BE33BE00431637 /* Sources */,
				44205AD420BE33BE00431637 /* Frameworks */,
				44205AD520BE33BE00431637 /* Resources */,
			);
			buildRules = (
			);
			dependencies = (
				44205AD920BE33BE00431637 /* PBXTargetDependency */,
			);
			name = SwipeGalleryUITests;
			productName = SwipeGalleryUITests;
			productReference = 44205AD720BE33BE00431637 /* SwipeGalleryUITests.xctest */;
			productType = "com.apple.product-type.bundle.ui-testing";
		};
/* End PBXNativeTarget section */

/* Begin PBXProject section */
		44205AB020BE33BC00431637 /* Project object */ = {
			isa = PBXProject;
			attributes = {
				LastSwiftUpdateCheck = 0930;
				LastUpgradeCheck = 0930;
				ORGANIZATIONNAME = "JilinStudio, Inc";
				TargetAttributes = {
					44205AB720BE33BC00431637 = {
						CreatedOnToolsVersion = 9.3.1;
					};
					44205ACB20BE33BE00431637 = {
						CreatedOnToolsVersion = 9.3.1;
						TestTargetID = 44205AB720BE33BC00431637;
					};
					44205AD620BE33BE00431637 = {
						CreatedOnToolsVersion = 9.3.1;
						TestTargetID = 44205AB720BE33BC00431637;
					};
				};
			};
			buildConfigurationList = 44205AB320BE33BC00431637 /* Build configuration list for PBXProject "SwipeGallery" */;
			compatibilityVersion = "Xcode 9.3";
			developmentRegion = en;
			hasScannedForEncodings = 0;
			knownRegions = (
				en,
				Base,
			);
			mainGroup = 44205AAF20BE33BC00431637;
			productRefGroup = 44205AB920BE33BC00431637 /* Products */;
			projectDirPath = "";
			projectRoot = "";
			targets = (
				44205AB720BE33BC00431637 /* SwipeGallery */,
				44205ACB20BE33BE00431637 /* SwipeGalleryTests */,
				44205AD620BE33BE00431637 /* SwipeGalleryUITests */,
			);
		};
/* End PBXProject section */

/* Begin PBXResourcesBuildPhase section */
		44205AB620BE33BC00431637 /* Resources */ = {
			isa = PBXResourcesBuildPhase;
			buildActionMask = 2147483647;
			files = (
				4457272120C319560056A7B6 /* PingPong.storyboard in Resources */,
				4419B8C320C2055300572940 /* DrawPage.storyboard in Resources */,
				44205AC620BE33BE00431637 /* LaunchScreen.storyboard in Resources */,
				44205AC320BE33BE00431637 /* Assets.xcassets in Resources */,
				44205AED20BE790100431637 /* README.md in Resources */,
				44205AC120BE33BC00431637 /* SwipeImages.storyboard in Resources */,
			);
			runOnlyForDeploymentPostprocessing = 0;
		};
		44205ACA20BE33BE00431637 /* Resources */ = {
			isa = PBXResourcesBuildPhase;
			buildActionMask = 2147483647;
			files = (
			);
			runOnlyForDeploymentPostprocessing = 0;
		};
		44205AD520BE33BE00431637 /* Resources */ = {
			isa = PBXResourcesBuildPhase;
			buildActionMask = 2147483647;
			files = (
			);
			runOnlyForDeploymentPostprocessing = 0;
		};
/* End PBXResourcesBuildPhase section */

/* Begin PBXShellScriptBuildPhase section */
		44D2894D20BE7E5E003D3BD6 /* Run Script */ = {
			isa = PBXShellScriptBuildPhase;
			buildActionMask = 2147483647;
			files = (
			);
			inputPaths = (
				"$(SRCROOT)/Carthage/Build/iOS/Log.framework",
			);
			name = "Run Script";
			outputPaths = (
				"$(BUILT_PRODUCTS_DIR)/$(FRAMEWORKS_FOLDER_PATH)/Log.framework",
			);
			runOnlyForDeploymentPostprocessing = 0;
			shellPath = /bin/sh;
			shellScript = "/usr/local/bin/carthage copy-frameworks";
		};
/* End PBXShellScriptBuildPhase section */

/* Begin PBXSourcesBuildPhase section */
		44205AB420BE33BC00431637 /* Sources */ = {
			isa = PBXSourcesBuildPhase;
			buildActionMask = 2147483647;
			files = (
				4419B8CA20C2798B00572940 /* PaddleView.swift in Sources */,
				44205ABE20BE33BC00431637 /* SwipeImagesViewController.swift in Sources */,
				4419B8C820C25A3E00572940 /* DrawPageViewController.swift in Sources */,
				44205ABC20BE33BC00431637 /* AppDelegate.swift in Sources */,
				4419B8C120C2050B00572940 /* DrawView.swift in Sources */,
				4419B8BD20C0CB0700572940 /* ProgressView.swift in Sources */,
				4419B8CE20C27A8500572940 /* PingPongGameViewController.swift in Sources */,
				44205AEB20BE75A900431637 /* Log.swift in Sources */,
				4419B8C620C20B6E00572940 /* Line.swift in Sources */,
				44FC979320C0AFBB00EA1A89 /* DesignablePlusButton.swift in Sources */,
			);
			runOnlyForDeploymentPostprocessing = 0;
		};
		44205AC820BE33BE00431637 /* Sources */ = {
			isa = PBXSourcesBuildPhase;
			buildActionMask = 2147483647;
			files = (
				44205AD120BE33BE00431637 /* SwipeGalleryTests.swift in Sources */,
			);
			runOnlyForDeploymentPostprocessing = 0;
		};
		44205AD320BE33BE00431637 /* Sources */ = {
			isa = PBXSourcesBuildPhase;
			buildActionMask = 2147483647;
			files = (
				44205ADC20BE33BE00431637 /* SwipeGalleryUITests.swift in Sources */,
			);
			runOnlyForDeploymentPostprocessing = 0;
		};
/* End PBXSourcesBuildPhase section */

/* Begin PBXTargetDependency section */
		44205ACE20BE33BE00431637 /* PBXTargetDependency */ = {
			isa = PBXTargetDependency;
			target = 44205AB720BE33BC00431637 /* SwipeGallery */;
			targetProxy = 44205ACD20BE33BE00431637 /* PBXContainerItemProxy */;
		};
		44205AD920BE33BE00431637 /* PBXTargetDependency */ = {
			isa = PBXTargetDependency;
			target = 44205AB720BE33BC00431637 /* SwipeGallery */;
			targetProxy = 44205AD820BE33BE00431637 /* PBXContainerItemProxy */;
		};
/* End PBXTargetDependency section */

/* Begin PBXVariantGroup section */
		44205ABF20BE33BC00431637 /* SwipeImages.storyboard */ = {
			isa = PBXVariantGroup;
			children = (
				44205AC020BE33BC00431637 /* Base */,
			);
			name = SwipeImages.storyboard;
			sourceTree = "<group>";
		};
		44205AC420BE33BE00431637 /* LaunchScreen.storyboard */ = {
			isa = PBXVariantGroup;
			children = (
				44205AC520BE33BE00431637 /* Base */,
			);
			name = LaunchScreen.storyboard;
			sourceTree = "<group>";
		};
/* End PBXVariantGroup section */

/* Begin XCBuildConfiguration section */
		44205ADE20BE33BF00431637 /* Debug */ = {
			isa = XCBuildConfiguration;
			buildSettings = {
				ALWAYS_SEARCH_USER_PATHS = NO;
				CLANG_ANALYZER_NONNULL = YES;
				CLANG_ANALYZER_NUMBER_OBJECT_CONVERSION = YES_AGGRESSIVE;
				CLANG_CXX_LANGUAGE_STANDARD = "gnu++14";
				CLANG_CXX_LIBRARY = "libc++";
				CLANG_ENABLE_MODULES = YES;
				CLANG_ENABLE_OBJC_ARC = YES;
				CLANG_ENABLE_OBJC_WEAK = YES;
				CLANG_WARN_BLOCK_CAPTURE_AUTORELEASING = YES;
				CLANG_WARN_BOOL_CONVERSION = YES;
				CLANG_WARN_COMMA = YES;
				CLANG_WARN_CONSTANT_CONVERSION = YES;
				CLANG_WARN_DEPRECATED_OBJC_IMPLEMENTATIONS = YES;
				CLANG_WARN_DIRECT_OBJC_ISA_USAGE = YES_ERROR;
				CLANG_WARN_DOCUMENTATION_COMMENTS = YES;
				CLANG_WARN_EMPTY_BODY = YES;
				CLANG_WARN_ENUM_CONVERSION = YES;
				CLANG_WARN_INFINITE_RECURSION = YES;
				CLANG_WARN_INT_CONVERSION = YES;
				CLANG_WARN_NON_LITERAL_NULL_CONVERSION = YES;
				CLANG_WARN_OBJC_IMPLICIT_RETAIN_SELF = YES;
				CLANG_WARN_OBJC_LITERAL_CONVERSION = YES;
				CLANG_WARN_OBJC_ROOT_CLASS = YES_ERROR;
				CLANG_WARN_RANGE_LOOP_ANALYSIS = YES;
				CLANG_WARN_STRICT_PROTOTYPES = YES;
				CLANG_WARN_SUSPICIOUS_MOVE = YES;
				CLANG_WARN_UNGUARDED_AVAILABILITY = YES_AGGRESSIVE;
				CLANG_WARN_UNREACHABLE_CODE = YES;
				CLANG_WARN__DUPLICATE_METHOD_MATCH = YES;
				CODE_SIGN_IDENTITY = "iPhone Developer";
				COPY_PHASE_STRIP = NO;
				DEBUG_INFORMATION_FORMAT = dwarf;
				ENABLE_STRICT_OBJC_MSGSEND = YES;
				ENABLE_TESTABILITY = YES;
				GCC_C_LANGUAGE_STANDARD = gnu11;
				GCC_DYNAMIC_NO_PIC = NO;
				GCC_NO_COMMON_BLOCKS = YES;
				GCC_OPTIMIZATION_LEVEL = 0;
				GCC_PREPROCESSOR_DEFINITIONS = (
					"DEBUG=1",
					"$(inherited)",
				);
				GCC_WARN_64_TO_32_BIT_CONVERSION = YES;
				GCC_WARN_ABOUT_RETURN_TYPE = YES_ERROR;
				GCC_WARN_UNDECLARED_SELECTOR = YES;
				GCC_WARN_UNINITIALIZED_AUTOS = YES_AGGRESSIVE;
				GCC_WARN_UNUSED_FUNCTION = YES;
				GCC_WARN_UNUSED_VARIABLE = YES;
				IPHONEOS_DEPLOYMENT_TARGET = 11.3;
				MTL_ENABLE_DEBUG_INFO = YES;
				ONLY_ACTIVE_ARCH = YES;
				SDKROOT = iphoneos;
				SWIFT_ACTIVE_COMPILATION_CONDITIONS = DEBUG;
				SWIFT_OPTIMIZATION_LEVEL = "-Onone";
			};
			name = Debug;
		};
		44205ADF20BE33BF00431637 /* Release */ = {
			isa = XCBuildConfiguration;
			buildSettings = {
				ALWAYS_SEARCH_USER_PATHS = NO;
				CLANG_ANALYZER_NONNULL = YES;
				CLANG_ANALYZER_NUMBER_OBJECT_CONVERSION = YES_AGGRESSIVE;
				CLANG_CXX_LANGUAGE_STANDARD = "gnu++14";
				CLANG_CXX_LIBRARY = "libc++";
				CLANG_ENABLE_MODULES = YES;
				CLANG_ENABLE_OBJC_ARC = YES;
				CLANG_ENABLE_OBJC_WEAK = YES;
				CLANG_WARN_BLOCK_CAPTURE_AUTORELEASING = YES;
				CLANG_WARN_BOOL_CONVERSION = YES;
				CLANG_WARN_COMMA = YES;
				CLANG_WARN_CONSTANT_CONVERSION = YES;
				CLANG_WARN_DEPRECATED_OBJC_IMPLEMENTATIONS = YES;
				CLANG_WARN_DIRECT_OBJC_ISA_USAGE = YES_ERROR;
				CLANG_WARN_DOCUMENTATION_COMMENTS = YES;
				CLANG_WARN_EMPTY_BODY = YES;
				CLANG_WARN_ENUM_CONVERSION = YES;
				CLANG_WARN_INFINITE_RECURSION = YES;
				CLANG_WARN_INT_CONVERSION = YES;
				CLANG_WARN_NON_LITERAL_NULL_CONVERSION = YES;
				CLANG_WARN_OBJC_IMPLICIT_RETAIN_SELF = YES;
				CLANG_WARN_OBJC_LITERAL_CONVERSION = YES;
				CLANG_WARN_OBJC_ROOT_CLASS = YES_ERROR;
				CLANG_WARN_RANGE_LOOP_ANALYSIS = YES;
				CLANG_WARN_STRICT_PROTOTYPES = YES;
				CLANG_WARN_SUSPICIOUS_MOVE = YES;
				CLANG_WARN_UNGUARDED_AVAILABILITY = YES_AGGRESSIVE;
				CLANG_WARN_UNREACHABLE_CODE = YES;
				CLANG_WARN__DUPLICATE_METHOD_MATCH = YES;
				CODE_SIGN_IDENTITY = "iPhone Developer";
				COPY_PHASE_STRIP = NO;
				DEBUG_INFORMATION_FORMAT = "dwarf-with-dsym";
				ENABLE_NS_ASSERTIONS = NO;
				ENABLE_STRICT_OBJC_MSGSEND = YES;
				GCC_C_LANGUAGE_STANDARD = gnu11;
				GCC_NO_COMMON_BLOCKS = YES;
				GCC_WARN_64_TO_32_BIT_CONVERSION = YES;
				GCC_WARN_ABOUT_RETURN_TYPE = YES_ERROR;
				GCC_WARN_UNDECLARED_SELECTOR = YES;
				GCC_WARN_UNINITIALIZED_AUTOS = YES_AGGRESSIVE;
				GCC_WARN_UNUSED_FUNCTION = YES;
				GCC_WARN_UNUSED_VARIABLE = YES;
				IPHONEOS_DEPLOYMENT_TARGET = 11.3;
				MTL_ENABLE_DEBUG_INFO = NO;
				SDKROOT = iphoneos;
				SWIFT_COMPILATION_MODE = wholemodule;
				SWIFT_OPTIMIZATION_LEVEL = "-O";
				VALIDATE_PRODUCT = YES;
			};
			name = Release;
		};
		44205AE120BE33BF00431637 /* Debug */ = {
			isa = XCBuildConfiguration;
			buildSettings = {
				ASSETCATALOG_COMPILER_APPICON_NAME = AppIcon;
				CODE_SIGN_STYLE = Automatic;
				DEVELOPMENT_TEAM = AMV8UJ36K9;
				FRAMEWORK_SEARCH_PATHS = (
					"$(inherited)",
					"$(PROJECT_DIR)/Carthage/Build/iOS",
				);
				INFOPLIST_FILE = SwipeGallery/Info.plist;
				LD_RUNPATH_SEARCH_PATHS = (
					"$(inherited)",
					"@executable_path/Frameworks",
				);
				PRODUCT_BUNDLE_IDENTIFIER = com.JilinStudio.SwipeGallery;
				PRODUCT_NAME = "$(TARGET_NAME)";
				SWIFT_VERSION = 4.0;
				TARGETED_DEVICE_FAMILY = "1,2";
			};
			name = Debug;
		};
		44205AE220BE33BF00431637 /* Release */ = {
			isa = XCBuildConfiguration;
			buildSettings = {
				ASSETCATALOG_COMPILER_APPICON_NAME = AppIcon;
				CODE_SIGN_STYLE = Automatic;
				DEVELOPMENT_TEAM = AMV8UJ36K9;
				FRAMEWORK_SEARCH_PATHS = (
					"$(inherited)",
					"$(PROJECT_DIR)/Carthage/Build/iOS",
				);
				INFOPLIST_FILE = SwipeGallery/Info.plist;
				LD_RUNPATH_SEARCH_PATHS = (
					"$(inherited)",
					"@executable_path/Frameworks",
				);
				PRODUCT_BUNDLE_IDENTIFIER = com.JilinStudio.SwipeGallery;
				PRODUCT_NAME = "$(TARGET_NAME)";
				SWIFT_VERSION = 4.0;
				TARGETED_DEVICE_FAMILY = "1,2";
			};
			name = Release;
		};
		44205AE420BE33BF00431637 /* Debug */ = {
			isa = XCBuildConfiguration;
			buildSettings = {
				ALWAYS_EMBED_SWIFT_STANDARD_LIBRARIES = YES;
				BUNDLE_LOADER = "$(TEST_HOST)";
				CODE_SIGN_STYLE = Automatic;
				DEVELOPMENT_TEAM = AMV8UJ36K9;
				INFOPLIST_FILE = SwipeGalleryTests/Info.plist;
				LD_RUNPATH_SEARCH_PATHS = (
					"$(inherited)",
					"@executable_path/Frameworks",
					"@loader_path/Frameworks",
				);
				PRODUCT_BUNDLE_IDENTIFIER = com.JilinStudio.SwipeGalleryTests;
				PRODUCT_NAME = "$(TARGET_NAME)";
				SWIFT_VERSION = 4.0;
				TARGETED_DEVICE_FAMILY = "1,2";
				TEST_HOST = "$(BUILT_PRODUCTS_DIR)/SwipeGallery.app/SwipeGallery";
			};
			name = Debug;
		};
		44205AE520BE33BF00431637 /* Release */ = {
			isa = XCBuildConfiguration;
			buildSettings = {
				ALWAYS_EMBED_SWIFT_STANDARD_LIBRARIES = YES;
				BUNDLE_LOADER = "$(TEST_HOST)";
				CODE_SIGN_STYLE = Automatic;
				DEVELOPMENT_TEAM = AMV8UJ36K9;
				INFOPLIST_FILE = SwipeGalleryTests/Info.plist;
				LD_RUNPATH_SEARCH_PATHS = (
					"$(inherited)",
					"@executable_path/Frameworks",
					"@loader_path/Frameworks",
				);
				PRODUCT_BUNDLE_IDENTIFIER = com.JilinStudio.SwipeGalleryTests;
				PRODUCT_NAME = "$(TARGET_NAME)";
				SWIFT_VERSION = 4.0;
				TARGETED_DEVICE_FAMILY = "1,2";
				TEST_HOST = "$(BUILT_PRODUCTS_DIR)/SwipeGallery.app/SwipeGallery";
			};
			name = Release;
		};
		44205AE720BE33BF00431637 /* Debug */ = {
			isa = XCBuildConfiguration;
			buildSettings = {
				ALWAYS_EMBED_SWIFT_STANDARD_LIBRARIES = YES;
				CODE_SIGN_STYLE = Automatic;
				DEVELOPMENT_TEAM = AMV8UJ36K9;
				INFOPLIST_FILE = SwipeGalleryUITests/Info.plist;
				LD_RUNPATH_SEARCH_PATHS = (
					"$(inherited)",
					"@executable_path/Frameworks",
					"@loader_path/Frameworks",
				);
				PRODUCT_BUNDLE_IDENTIFIER = com.JilinStudio.SwipeGalleryUITests;
				PRODUCT_NAME = "$(TARGET_NAME)";
				SWIFT_VERSION = 4.0;
				TARGETED_DEVICE_FAMILY = "1,2";
				TEST_TARGET_NAME = SwipeGallery;
			};
			name = Debug;
		};
		44205AE820BE33BF00431637 /* Release */ = {
			isa = XCBuildConfiguration;
			buildSettings = {
				ALWAYS_EMBED_SWIFT_STANDARD_LIBRARIES = YES;
				CODE_SIGN_STYLE = Automatic;
				DEVELOPMENT_TEAM = AMV8UJ36K9;
				INFOPLIST_FILE = SwipeGalleryUITests/Info.plist;
				LD_RUNPATH_SEARCH_PATHS = (
					"$(inherited)",
					"@executable_path/Frameworks",
					"@loader_path/Frameworks",
				);
				PRODUCT_BUNDLE_IDENTIFIER = com.JilinStudio.SwipeGalleryUITests;
				PRODUCT_NAME = "$(TARGET_NAME)";
				SWIFT_VERSION = 4.0;
				TARGETED_DEVICE_FAMILY = "1,2";
				TEST_TARGET_NAME = SwipeGallery;
			};
			name = Release;
		};
/* End XCBuildConfiguration section */

/* Begin XCConfigurationList section */
		44205AB320BE33BC00431637 /* Build configuration list for PBXProject "SwipeGallery" */ = {
			isa = XCConfigurationList;
			buildConfigurations = (
				44205ADE20BE33BF00431637 /* Debug */,
				44205ADF20BE33BF00431637 /* Release */,
			);
			defaultConfigurationIsVisible = 0;
			defaultConfigurationName = Release;
		};
		44205AE020BE33BF00431637 /* Build configuration list for PBXNativeTarget "SwipeGallery" */ = {
			isa = XCConfigurationList;
			buildConfigurations = (
				44205AE120BE33BF00431637 /* Debug */,
				44205AE220BE33BF00431637 /* Release */,
			);
			defaultConfigurationIsVisible = 0;
			defaultConfigurationName = Release;
		};
		44205AE320BE33BF00431637 /* Build configuration list for PBXNativeTarget "SwipeGalleryTests" */ = {
			isa = XCConfigurationList;
			buildConfigurations = (
				44205AE420BE33BF00431637 /* Debug */,
				44205AE520BE33BF00431637 /* Release */,
			);
			defaultConfigurationIsVisible = 0;
			defaultConfigurationName = Release;
		};
		44205AE620BE33BF00431637 /* Build configuration list for PBXNativeTarget "SwipeGalleryUITests" */ = {
			isa = XCConfigurationList;
			buildConfigurations = (
				44205AE720BE33BF00431637 /* Debug */,
				44205AE820BE33BF00431637 /* Release */,
			);
			defaultConfigurationIsVisible = 0;
			defaultConfigurationName = Release;
		};
/* End XCConfigurationList section */
	};
	rootObject = 44205AB020BE33BC00431637 /* Project object */;
}
